
Microsoft Visual Studio Solution File, Format Version 11.00
# Visual Basic Express 2010
Project("{F184B08F-C81C-45F6-A57F-5ABD9991F28F}") = "FeatureStepping", "FeatureStepping\FeatureStepping.vbproj", "{32FC01C7-E7A1-40F2-A733-585226D2CB36}"
EndProject
Global
	GlobalSection(SolutionConfigurationPlatforms) = preSolution
		Debug|x86 = Debug|x86
		Release|x86 = Release|x86
	EndGlobalSection
	GlobalSection(ProjectConfigurationPlatforms) = postSolution
		{32FC01C7-E7A1-40F2-A733-585226D2CB36}.Debug|x86.ActiveCfg = Debug|x86
		{32FC01C7-E7A1-40F2-A733-585226D2CB36}.Debug|x86.Build.0 = Debug|x86
		{32FC01C7-E7A1-40F2-A733-585226D2CB36}.Release|x86.ActiveCfg = Release|x86
		{32FC01C7-E7A1-40F2-A733-585226D2CB36}.Release|x86.Build.0 = Release|x86
	EndGlobalSection
	GlobalSection(SolutionProperties) = preSolution
		HideSolutionNode = FALSE
	EndGlobalSection
EndGlobal
